# This file is automatically @generated by Poetry 2.2.0 and should not be changed by hand.

[[package]]
name = "prompt-toolkit"
version = "3.0.52"
description = "Library for building powerful interactive command lines in Python"
optional = false
python-versions = ">=3.8"
groups = ["main"]
files = [
    {file = "prompt_toolkit-3.0.52-py3-none-any.whl", hash = "sha256:9aac639a3bbd33284347de5ad8d68ecc044b91a762dc39b7c21095fcd6a19955"},
    {file = "prompt_toolkit-3.0.52.tar.gz", hash = "sha256:28cde192929c8e7321de85de1ddbe736f1375148b02f2e17edd840042b1be855"},
]

[package.dependencies]
wcwidth = "*"

[[package]]
name = "pyfzf"
version = "0.3.1"
description = "Python wrapper for junegunn's fuzzyfinder (fzf)"
optional = false
python-versions = "*"
groups = ["main"]
files = [
    {file = "pyfzf-0.3.1-py3-none-any.whl", hash = "sha256:736f71563461b75f6f85b55345bdc638fa0dc14c32c857c59e8b1ca1cfa3cf4a"},
    {file = "pyfzf-0.3.1.tar.gz", hash = "sha256:dd902e34cffeca9c3082f96131593dd20b4b3a9bba5b9dde1b0688e424b46bd2"},
]

[[package]]
name = "wcwidth"
version = "0.2.12"
description = "Measures the displayed width of unicode strings in a terminal"
optional = false
python-versions = "*"
groups = ["main"]
files = [
    {file = "wcwidth-0.2.12-py2.py3-none-any.whl", hash = "sha256:f26ec43d96c8cbfed76a5075dac87680124fa84e0855195a6184da9c187f133c"},
    {file = "wcwidth-0.2.12.tar.gz", hash = "sha256:f01c104efdf57971bcb756f054dd58ddec5204dd15fa31d6503ea57947d97c02"},
]

[metadata]
lock-version = "2.1"
python-versions = "^3.10"
content-hash = "ea8ecb696f7099e2280baec8830a6e5fd226cf1f3b6f5d20e3077d64a69bc503"
