# This file is automatically @generated by Poetry 1.7.1 and should not be changed by hand.

[[package]]
name = "pyfzf"
version = "0.3.1"
description = "Python wrapper for junegunn's fuzzyfinder (fzf)"
optional = false
python-versions = "*"
files = [
    {file = "pyfzf-0.3.1-py3-none-any.whl", hash = "sha256:736f71563461b75f6f85b55345bdc638fa0dc14c32c857c59e8b1ca1cfa3cf4a"},
    {file = "pyfzf-0.3.1.tar.gz", hash = "sha256:dd902e34cffeca9c3082f96131593dd20b4b3a9bba5b9dde1b0688e424b46bd2"},
]

[metadata]
lock-version = "2.0"
python-versions = "^3.10"
content-hash = "9f4d656df4593b7e4ee8238c06af0da25190c58cdccb1bc6e777093593a0fe62"
